// !$*UTF8*$!
{
	archiveVersion = 1;
	classes = {
	};
	objectVersion = 56;
	objects = {

/* Begin PBXBuildFile section */
		7A9FFBEC2A71D7210025E3C6 /* AppDelegate.swift in Sources */ = {isa = PBXBuildFile; fileRef = 7A9FFBEB2A71D7210025E3C6 /* AppDelegate.swift */; };
		7A9FFBEE2A71D7210025E3C6 /* SceneDelegate.swift in Sources */ = {isa = PBXBuildFile; fileRef = 7A9FFBED2A71D7210025E3C6 /* SceneDelegate.swift */; };
		7A9FFBF02A71D7210025E3C6 /* ViewController.swift in Sources */ = {isa = PBXBuildFile; fileRef = 7A9FFBEF2A71D7210025E3C6 /* ViewController.swift */; };
		7A9FFBF32A71D7210025E3C6 /* Main.storyboard in Resources */ = {isa = PBXBuildFile; fileRef = 7A9FFBF12A71D7210025E3C6 /* Main.storyboard */; };
		7A9FFBF52A71D7210025E3C6 /* Assets.xcassets in Resources */ = {isa = PBXBuildFile; fileRef = 7A9FFBF42A71D7210025E3C6 /* Assets.xcassets */; };
		7A9FFBF82A71D7210025E3C6 /* LaunchScreen.storyboard in Resources */ = {isa = PBXBuildFile; fileRef = 7A9FFBF62A71D7210025E3C6 /* LaunchScreen.storyboard */; };
		7A9FFC032A71D7220025E3C6 /* CounterTests.swift in Sources */ = {isa = PBXBuildFile; fileRef = 7A9FFC022A71D7220025E3C6 /* CounterTests.swift */; };
		7A9FFC0D2A71D7220025E3C6 /* CounterUITests.swift in Sources */ = {isa = PBXBuildFile; fileRef = 7A9FFC0C2A71D7220025E3C6 /* CounterUITests.swift */; };
		7A9FFC0F2A71D7220025E3C6 /* CounterUITestsLaunchTests.swift in Sources */ = {isa = PBXBuildFile; fileRef = 7A9FFC0E2A71D7220025E3C6 /* CounterUITestsLaunchTests.swift */; };
/* End PBXBuildFile section */

/* Begin PBXContainerItemProxy section */
		7A9FFBFF2A71D7220025E3C6 /* PBXContainerItemProxy */ = {
			isa = PBXContainerItemProxy;
			containerPortal = 7A9FFBE02A71D7210025E3C6 /* Project object */;
			proxyType = 1;
			remoteGlobalIDString = 7A9FFBE72A71D7210025E3C6;
			remoteInfo = Counter;
		};
		7A9FFC092A71D7220025E3C6 /* PBXContainerItemProxy */ = {
			isa = PBXContainerItemProxy;
			containerPortal = 7A9FFBE02A71D7210025E3C6 /* Project object */;
			proxyType = 1;
			remoteGlobalIDString = 7A9FFBE72A71D7210025E3C6;
			remoteInfo = Counter;
		};
/* End PBXContainerItemProxy section */

/* Begin PBXFileReference section */
		7A9FFBE82A71D7210025E3C6 /* Counter.app */ = {isa = PBXFileReference; explicitFileType = wrapper.application; includeInIndex = 0; path = Counter.app; sourceTree = BUILT_PRODUCTS_DIR; };
		7A9FFBEB2A71D7210025E3C6 /* AppDelegate.swift */ = {isa = PBXFileReference; lastKnownFileType = sourcecode.swift; path = AppDelegate.swift; sourceTree = "<group>"; };
		7A9FFBED2A71D7210025E3C6 /* SceneDelegate.swift */ = {isa = PBXFileReference; lastKnownFileType = sourcecode.swift; path = SceneDelegate.swift; sourceTree = "<group>"; };
		7A9FFBEF2A71D7210025E3C6 /* ViewController.swift */ = {isa = PBXFileReference; lastKnownFileType = sourcecode.swift; path = ViewController.swift; sourceTree = "<group>"; };
		7A9FFBF22A71D7210025E3C6 /* Base */ = {isa = PBXFileReference; lastKnownFileType = file.storyboard; name = Base; path = Base.lproj/Main.storyboard; sourceTree = "<group>"; };
		7A9FFBF42A71D7210025E3C6 /* Assets.xcassets */ = {isa = PBXFileReference; lastKnownFileType = folder.assetcatalog; path = Assets.xcassets; sourceTree = "<group>"; };
		7A9FFBF72A71D7210025E3C6 /* Base */ = {isa = PBXFileReference; lastKnownFileType = file.storyboard; name = Base; path = Base.lproj/LaunchScreen.storyboard; sourceTree = "<group>"; };
		7A9FFBF92A71D7210025E3C6 /* Info.plist */ = {isa = PBXFileReference; lastKnownFileType = text.plist.xml; path = Info.plist; sourceTree = "<group>"; };
		7A9FFBFE2A71D7220025E3C6 /* CounterTests.xctest */ = {isa = PBXFileReference; explicitFileType = wrapper.cfbundle; includeInIndex = 0; path = CounterTests.xctest; sourceTree = BUILT_PRODUCTS_DIR; };
		7A9FFC022A71D7220025E3C6 /* CounterTests.swift */ = {isa = PBXFileReference; lastKnownFileType = sourcecode.swift; path = CounterTests.swift; sourceTree = "<group>"; };
		7A9FFC082A71D7220025E3C6 /* CounterUITests.xctest */ = {isa = PBXFileReference; explicitFileType = wrapper.cfbundle; includeInIndex = 0; path = CounterUITests.xctest; sourceTree = BUILT_PRODUCTS_DIR; };
		7A9FFC0C2A71D7220025E3C6 /* CounterUITests.swift */ = {isa = PBXFileReference; lastKnownFileType = sourcecode.swift; path = CounterUITests.swift; sourceTree = "<group>"; };
		7A9FFC0E2A71D7220025E3C6 /* CounterUITestsLaunchTests.swift */ = {isa = PBXFileReference; lastKnownFileType = sourcecode.swift; path = CounterUITestsLaunchTests.swift; sourceTree = "<group>"; };
/* End PBXFileReference section */

/* Begin PBXFrameworksBuildPhase section */
		7A9FFBE52A71D7210025E3C6 /* Frameworks */ = {
			isa = PBXFrameworksBuildPhase;
			buildActionMask = 2147483647;
			files = (
			);
			runOnlyForDeploymentPostprocessing = 0;
		};
		7A9FFBFB2A71D7220025E3C6 /* Frameworks */ = {
			isa = PBXFrameworksBuildPhase;
			buildActionMask = 2147483647;
			files = (
			);
			runOnlyForDeploymentPostprocessing = 0;
		};
		7A9FFC052A71D7220025E3C6 /* Frameworks */ = {
			isa = PBXFrameworksBuildPhase;
			buildActionMask = 2147483647;
			files = (
			);
			runOnlyForDeploymentPostprocessing = 0;
		};
/* End PBXFrameworksBuildPhase section */

/* Begin PBXGroup section */
		7A9FFBDF2A71D7210025E3C6 = {
			isa = PBXGroup;
			children = (
				7A9FFBEA2A71D7210025E3C6 /* Counter */,
				7A9FFC012A71D7220025E3C6 /* CounterTests */,
				7A9FFC0B2A71D7220025E3C6 /* CounterUITests */,
				7A9FFBE92A71D7210025E3C6 /* Products */,
			);
			sourceTree = "<group>";
		};
		7A9FFBE92A71D7210025E3C6 /* Products */ = {
			isa = PBXGroup;
			children = (
				7A9FFBE82A71D7210025E3C6 /* Counter.app */,
				7A9FFBFE2A71D7220025E3C6 /* CounterTests.xctest */,
				7A9FFC082A71D7220025E3C6 /* CounterUITests.xctest */,
			);
			name = Products;
			sourceTree = "<group>";
		};
		7A9FFBEA2A71D7210025E3C6 /* Counter */ = {
			isa = PBXGroup;
			children = (
				7A9FFBEB2A71D7210025E3C6 /* AppDelegate.swift */,
				7A9FFBED2A71D7210025E3C6 /* SceneDelegate.swift */,
				7A9FFBEF2A71D7210025E3C6 /* ViewController.swift */,
				7A9FFBF12A71D7210025E3C6 /* Main.storyboard */,
				7A9FFBF42A71D7210025E3C6 /* Assets.xcassets */,
				7A9FFBF62A71D7210025E3C6 /* LaunchScreen.storyboard */,
				7A9FFBF92A71D7210025E3C6 /* Info.plist */,
			);
			path = Counter;
			sourceTree = "<group>";
		};
		7A9FFC012A71D7220025E3C6 /* CounterTests */ = {
			isa = PBXGroup;
			children = (
				7A9FFC022A71D7220025E3C6 /* CounterTests.swift */,
			);
			path = CounterTests;
			sourceTree = "<group>";
		};
		7A9FFC0B2A71D7220025E3C6 /* CounterUITests */ = {
			isa = PBXGroup;
			children = (
				7A9FFC0C2A71D7220025E3C6 /* CounterUITests.swift */,
				7A9FFC0E2A71D7220025E3C6 /* CounterUITestsLaunchTests.swift */,
			);
			path = CounterUITests;
			sourceTree = "<group>";
		};
/* End PBXGroup section */

/* Begin PBXNativeTarget section */
		7A9FFBE72A71D7210025E3C6 /* Counter */ = {
			isa = PBXNativeTarget;
			buildConfigurationList = 7A9FFC122A71D7220025E3C6 /* Build configuration list for PBXNativeTarget "Counter" */;
			buildPhases = (
				7A9FFBE42A71D7210025E3C6 /* Sources */,
				7A9FFBE52A71D7210025E3C6 /* Frameworks */,
				7A9FFBE62A71D7210025E3C6 /* Resources */,
			);
			buildRules = (
			);
			dependencies = (
			);
			name = Counter;
			productName = Counter;
			productReference = 7A9FFBE82A71D7210025E3C6 /* Counter.app */;
			productType = "com.apple.product-type.application";
		};
		7A9FFBFD2A71D7220025E3C6 /* CounterTests */ = {
			isa = PBXNativeTarget;
			buildConfigurationList = 7A9FFC152A71D7220025E3C6 /* Build configuration list for PBXNativeTarget "CounterTests" */;
			buildPhases = (
				7A9FFBFA2A71D7220025E3C6 /* Sources */,
				7A9FFBFB2A71D7220025E3C6 /* Frameworks */,
				7A9FFBFC2A71D7220025E3C6 /* Resources */,
			);
			buildRules = (
			);
			dependencies = (
				7A9FFC002A71D7220025E3C6 /* PBXTargetDependency */,
			);
			name = CounterTests;
			productName = CounterTests;
			productReference = 7A9FFBFE2A71D7220025E3C6 /* CounterTests.xctest */;
			productType = "com.apple.product-type.bundle.unit-test";
		};
		7A9FFC072A71D7220025E3C6 /* CounterUITests */ = {
			isa = PBXNativeTarget;
			buildConfigurationList = 7A9FFC182A71D7220025E3C6 /* Build configuration list for PBXNativeTarget "CounterUITests" */;
			buildPhases = (
				7A9FFC042A71D7220025E3C6 /* Sources */,
				7A9FFC052A71D7220025E3C6 /* Frameworks */,
				7A9FFC062A71D7220025E3C6 /* Resources */,
			);
			buildRules = (
			);
			dependencies = (
				7A9FFC0A2A71D7220025E3C6 /* PBXTargetDependency */,
			);
			name = CounterUITests;
			productName = CounterUITests;
			productReference = 7A9FFC082A71D7220025E3C6 /* CounterUITests.xctest */;
			productType = "com.apple.product-type.bundle.ui-testing";
		};
/* End PBXNativeTarget section */

/* Begin PBXProject section */
		7A9FFBE02A71D7210025E3C6 /* Project object */ = {
			isa = PBXProject;
			attributes = {
				BuildIndependentTargetsInParallel = 1;
				LastSwiftUpdateCheck = 1430;
				LastUpgradeCheck = 1430;
				TargetAttributes = {
					7A9FFBE72A71D7210025E3C6 = {
						CreatedOnToolsVersion = 14.3.1;
					};
					7A9FFBFD2A71D7220025E3C6 = {
						CreatedOnToolsVersion = 14.3.1;
						TestTargetID = 7A9FFBE72A71D7210025E3C6;
					};
					7A9FFC072A71D7220025E3C6 = {
						CreatedOnToolsVersion = 14.3.1;
						TestTargetID = 7A9FFBE72A71D7210025E3C6;
					};
				};
			};
			buildConfigurationList = 7A9FFBE32A71D7210025E3C6 /* Build configuration list for PBXProject "Counter" */;
			compatibilityVersion = "Xcode 14.0";
			developmentRegion = en;
			hasScannedForEncodings = 0;
			knownRegions = (
				en,
				Base,
			);
			mainGroup = 7A9FFBDF2A71D7210025E3C6;
			productRefGroup = 7A9FFBE92A71D7210025E3C6 /* Products */;
			projectDirPath = "";
			projectRoot = "";
			targets = (
				7A9FFBE72A71D7210025E3C6 /* Counter */,
				7A9FFBFD2A71D7220025E3C6 /* CounterTests */,
				7A9FFC072A71D7220025E3C6 /* CounterUITests */,
			);
		};
/* End PBXProject section */

/* Begin PBXResourcesBuildPhase section */
		7A9FFBE62A71D7210025E3C6 /* Resources */ = {
			isa = PBXResourcesBuildPhase;
			buildActionMask = 2147483647;
			files = (
				7A9FFBF82A71D7210025E3C6 /* LaunchScreen.storyboard in Resources */,
				7A9FFBF52A71D7210025E3C6 /* Assets.xcassets in Resources */,
				7A9FFBF32A71D7210025E3C6 /* Main.storyboard in Resources */,
			);
			runOnlyForDeploymentPostprocessing = 0;
		};
		7A9FFBFC2A71D7220025E3C6 /* Resources */ = {
			isa = PBXResourcesBuildPhase;
			buildActionMask = 2147483647;
			files = (
			);
			runOnlyForDeploymentPostprocessing = 0;
		};
		7A9FFC062A71D7220025E3C6 /* Resources */ = {
			isa = PBXResourcesBuildPhase;
			buildActionMask = 2147483647;
			files = (
			);
			runOnlyForDeploymentPostprocessing = 0;
		};
/* End PBXResourcesBuildPhase section */

/* Begin PBXSourcesBuildPhase section */
		7A9FFBE42A71D7210025E3C6 /* Sources */ = {
			isa = PBXSourcesBuildPhase;
			buildActionMask = 2147483647;
			files = (
				7A9FFBF02A71D7210025E3C6 /* ViewController.swift in Sources */,
				7A9FFBEC2A71D7210025E3C6 /* AppDelegate.swift in Sources */,
				7A9FFBEE2A71D7210025E3C6 /* SceneDelegate.swift in Sources */,
			);
			runOnlyForDeploymentPostprocessing = 0;
		};
		7A9FFBFA2A71D7220025E3C6 /* Sources */ = {
			isa = PBXSourcesBuildPhase;
			buildActionMask = 2147483647;
			files = (
				7A9FFC032A71D7220025E3C6 /* CounterTests.swift in Sources */,
			);
			runOnlyForDeploymentPostprocessing = 0;
		};
		7A9FFC042A71D7220025E3C6 /* Sources */ = {
			isa = PBXSourcesBuildPhase;
			buildActionMask = 2147483647;
			files = (
				7A9FFC0D2A71D7220025E3C6 /* CounterUITests.swift in Sources */,
				7A9FFC0F2A71D7220025E3C6 /* CounterUITestsLaunchTests.swift in Sources */,
			);
			runOnlyForDeploymentPostprocessing = 0;
		};
/* End PBXSourcesBuildPhase section */

/* Begin PBXTargetDependency section */
		7A9FFC002A71D7220025E3C6 /* PBXTargetDependency */ = {
			isa = PBXTargetDependency;
			target = 7A9FFBE72A71D7210025E3C6 /* Counter */;
			targetProxy = 7A9FFBFF2A71D7220025E3C6 /* PBXContainerItemProxy */;
		};
		7A9FFC0A2A71D7220025E3C6 /* PBXTargetDependency */ = {
			isa = PBXTargetDependency;
			target = 7A9FFBE72A71D7210025E3C6 /* Counter */;
			targetProxy = 7A9FFC092A71D7220025E3C6 /* PBXContainerItemProxy */;
		};
/* End PBXTargetDependency section */

/* Begin PBXVariantGroup section */
		7A9FFBF12A71D7210025E3C6 /* Main.storyboard */ = {
			isa = PBXVariantGroup;
			children = (
				7A9FFBF22A71D7210025E3C6 /* Base */,
			);
			name = Main.storyboard;
			sourceTree = "<group>";
		};
		7A9FFBF62A71D7210025E3C6 /* LaunchScreen.storyboard */ = {
			isa = PBXVariantGroup;
			children = (
				7A9FFBF72A71D7210025E3C6 /* Base */,
			);
			name = LaunchScreen.storyboard;
			sourceTree = "<group>";
		};
/* End PBXVariantGroup section */

/* Begin XCBuildConfiguration section */
		7A9FFC102A71D7220025E3C6 /* Debug */ = {
			isa = XCBuildConfiguration;
			buildSettings = {
				ALWAYS_SEARCH_USER_PATHS = NO;
				CLANG_ANALYZER_NONNULL = YES;
				CLANG_ANALYZER_NUMBER_OBJECT_CONVERSION = YES_AGGRESSIVE;
				CLANG_CXX_LANGUAGE_STANDARD = "gnu++20";
				CLANG_ENABLE_MODULES = YES;
				CLANG_ENABLE_OBJC_ARC = YES;
				CLANG_ENABLE_OBJC_WEAK = YES;
				CLANG_WARN_BLOCK_CAPTURE_AUTORELEASING = YES;
				CLANG_WARN_BOOL_CONVERSION = YES;
				CLANG_WARN_COMMA = YES;
				CLANG_WARN_CONSTANT_CONVERSION = YES;
				CLANG_WARN_DEPRECATED_OBJC_IMPLEMENTATIONS = YES;
				CLANG_WARN_DIRECT_OBJC_ISA_USAGE = YES_ERROR;
				CLANG_WARN_DOCUMENTATION_COMMENTS = YES;
				CLANG_WARN_EMPTY_BODY = YES;
				CLANG_WARN_ENUM_CONVERSION = YES;
				CLANG_WARN_INFINITE_RECURSION = YES;
				CLANG_WARN_INT_CONVERSION = YES;
				CLANG_WARN_NON_LITERAL_NULL_CONVERSION = YES;
				CLANG_WARN_OBJC_IMPLICIT_RETAIN_SELF = YES;
				CLANG_WARN_OBJC_LITERAL_CONVERSION = YES;
				CLANG_WARN_OBJC_ROOT_CLASS = YES_ERROR;
				CLANG_WARN_QUOTED_INCLUDE_IN_FRAMEWORK_HEADER = YES;
				CLANG_WARN_RANGE_LOOP_ANALYSIS = YES;
				CLANG_WARN_STRICT_PROTOTYPES = YES;
				CLANG_WARN_SUSPICIOUS_MOVE = YES;
				CLANG_WARN_UNGUARDED_AVAILABILITY = YES_AGGRESSIVE;
				CLANG_WARN_UNREACHABLE_CODE = YES;
				CLANG_WARN__DUPLICATE_METHOD_MATCH = YES;
				COPY_PHASE_STRIP = NO;
				DEBUG_INFORMATION_FORMAT = dwarf;
				ENABLE_STRICT_OBJC_MSGSEND = YES;
				ENABLE_TESTABILITY = YES;
				GCC_C_LANGUAGE_STANDARD = gnu11;
				GCC_DYNAMIC_NO_PIC = NO;
				GCC_NO_COMMON_BLOCKS = YES;
				GCC_OPTIMIZATION_LEVEL = 0;
				GCC_PREPROCESSOR_DEFINITIONS = (
					"DEBUG=1",
					"$(inherited)",
				);
				GCC_WARN_64_TO_32_BIT_CONVERSION = YES;
				GCC_WARN_ABOUT_RETURN_TYPE = YES_ERROR;
				GCC_WARN_UNDECLARED_SELECTOR = YES;
				GCC_WARN_UNINITIALIZED_AUTOS = YES_AGGRESSIVE;
				GCC_WARN_UNUSED_FUNCTION = YES;
				GCC_WARN_UNUSED_VARIABLE = YES;
				IPHONEOS_DEPLOYMENT_TARGET = 16.4;
				MTL_ENABLE_DEBUG_INFO = INCLUDE_SOURCE;
				MTL_FAST_MATH = YES;
				ONLY_ACTIVE_ARCH = YES;
				SDKROOT = iphoneos;
				SWIFT_ACTIVE_COMPILATION_CONDITIONS = DEBUG;
				SWIFT_OPTIMIZATION_LEVEL = "-Onone";
			};
			name = Debug;
		};
		7A9FFC112A71D7220025E3C6 /* Release */ = {
			isa = XCBuildConfiguration;
			buildSettings = {
				ALWAYS_SEARCH_USER_PATHS = NO;
				CLANG_ANALYZER_NONNULL = YES;
				CLANG_ANALYZER_NUMBER_OBJECT_CONVERSION = YES_AGGRESSIVE;
				CLANG_CXX_LANGUAGE_STANDARD = "gnu++20";
				CLANG_ENABLE_MODULES = YES;
				CLANG_ENABLE_OBJC_ARC = YES;
				CLANG_ENABLE_OBJC_WEAK = YES;
				CLANG_WARN_BLOCK_CAPTURE_AUTORELEASING = YES;
				CLANG_WARN_BOOL_CONVERSION = YES;
				CLANG_WARN_COMMA = YES;
				CLANG_WARN_CONSTANT_CONVERSION = YES;
				CLANG_WARN_DEPRECATED_OBJC_IMPLEMENTATIONS = YES;
				CLANG_WARN_DIRECT_OBJC_ISA_USAGE = YES_ERROR;
				CLANG_WARN_DOCUMENTATION_COMMENTS = YES;
				CLANG_WARN_EMPTY_BODY = YES;
				CLANG_WARN_ENUM_CONVERSION = YES;
				CLANG_WARN_INFINITE_RECURSION = YES;
				CLANG_WARN_INT_CONVERSION = YES;
				CLANG_WARN_NON_LITERAL_NULL_CONVERSION = YES;
				CLANG_WARN_OBJC_IMPLICIT_RETAIN_SELF = YES;
				CLANG_WARN_OBJC_LITERAL_CONVERSION = YES;
				CLANG_WARN_OBJC_ROOT_CLASS = YES_ERROR;
				CLANG_WARN_QUOTED_INCLUDE_IN_FRAMEWORK_HEADER = YES;
				CLANG_WARN_RANGE_LOOP_ANALYSIS = YES;
				CLANG_WARN_STRICT_PROTOTYPES = YES;
				CLANG_WARN_SUSPICIOUS_MOVE = YES;
				CLANG_WARN_UNGUARDED_AVAILABILITY = YES_AGGRESSIVE;
				CLANG_WARN_UNREACHABLE_CODE = YES;
				CLANG_WARN__DUPLICATE_METHOD_MATCH = YES;
				COPY_PHASE_STRIP = NO;
				DEBUG_INFORMATION_FORMAT = "dwarf-with-dsym";
				ENABLE_NS_ASSERTIONS = NO;
				ENABLE_STRICT_OBJC_MSGSEND = YES;
				GCC_C_LANGUAGE_STANDARD = gnu11;
				GCC_NO_COMMON_BLOCKS = YES;
				GCC_WARN_64_TO_32_BIT_CONVERSION = YES;
				GCC_WARN_ABOUT_RETURN_TYPE = YES_ERROR;
				GCC_WARN_UNDECLARED_SELECTOR = YES;
				GCC_WARN_UNINITIALIZED_AUTOS = YES_AGGRESSIVE;
				GCC_WARN_UNUSED_FUNCTION = YES;
				GCC_WARN_UNUSED_VARIABLE = YES;
				IPHONEOS_DEPLOYMENT_TARGET = 16.4;
				MTL_ENABLE_DEBUG_INFO = NO;
				MTL_FAST_MATH = YES;
				SDKROOT = iphoneos;
				SWIFT_COMPILATION_MODE = wholemodule;
				SWIFT_OPTIMIZATION_LEVEL = "-O";
				VALIDATE_PRODUCT = YES;
			};
			name = Release;
		};
		7A9FFC132A71D7220025E3C6 /* Debug */ = {
			isa = XCBuildConfiguration;
			buildSettings = {
				ASSETCATALOG_COMPILER_APPICON_NAME = AppIcon;
				ASSETCATALOG_COMPILER_GLOBAL_ACCENT_COLOR_NAME = AccentColor;
				CODE_SIGN_STYLE = Automatic;
				CURRENT_PROJECT_VERSION = 1;
				GENERATE_INFOPLIST_FILE = YES;
				INFOPLIST_FILE = Counter/Info.plist;
				INFOPLIST_KEY_UIApplicationSupportsIndirectInputEvents = YES;
				INFOPLIST_KEY_UILaunchStoryboardName = LaunchScreen;
				INFOPLIST_KEY_UIMainStoryboardFile = Main;
				INFOPLIST_KEY_UISupportedInterfaceOrientations_iPad = "UIInterfaceOrientationPortrait UIInterfaceOrientationPortraitUpsideDown UIInterfaceOrientationLandscapeLeft UIInterfaceOrientationLandscapeRight";
				INFOPLIST_KEY_UISupportedInterfaceOrientations_iPhone = "UIInterfaceOrientationPortrait UIInterfaceOrientationLandscapeLeft UIInterfaceOrientationLandscapeRight";
				LD_RUNPATH_SEARCH_PATHS = (
					"$(inherited)",
					"@executable_path/Frameworks",
				);
				MARKETING_VERSION = 1.0;
				PRODUCT_BUNDLE_IDENTIFIER = RK.Counter;
				PRODUCT_NAME = "$(TARGET_NAME)";
				SWIFT_EMIT_LOC_STRINGS = YES;
				SWIFT_VERSION = 5.0;
				TARGETED_DEVICE_FAMILY = "1,2";
			};
			name = Debug;
		};
		7A9FFC142A71D7220025E3C6 /* Release */ = {
			isa = XCBuildConfiguration;
			buildSettings = {
				ASSETCATALOG_COMPILER_APPICON_NAME = AppIcon;
				ASSETCATALOG_COMPILER_GLOBAL_ACCENT_COLOR_NAME = AccentColor;
				CODE_SIGN_STYLE = Automatic;
				CURRENT_PROJECT_VERSION = 1;
				GENERATE_INFOPLIST_FILE = YES;
				INFOPLIST_FILE = Counter/Info.plist;
				INFOPLIST_KEY_UIApplicationSupportsIndirectInputEvents = YES;
				INFOPLIST_KEY_UILaunchStoryboardName = LaunchScreen;
				INFOPLIST_KEY_UIMainStoryboardFile = Main;
				INFOPLIST_KEY_UISupportedInterfaceOrientations_iPad = "UIInterfaceOrientationPortrait UIInterfaceOrientationPortraitUpsideDown UIInterfaceOrientationLandscapeLeft UIInterfaceOrientationLandscapeRight";
				INFOPLIST_KEY_UISupportedInterfaceOrientations_iPhone = "UIInterfaceOrientationPortrait UIInterfaceOrientationLandscapeLeft UIInterfaceOrientationLandscapeRight";
				LD_RUNPATH_SEARCH_PATHS = (
					"$(inherited)",
					"@executable_path/Frameworks",
				);
				MARKETING_VERSION = 1.0;
				PRODUCT_BUNDLE_IDENTIFIER = RK.Counter;
				PRODUCT_NAME = "$(TARGET_NAME)";
				SWIFT_EMIT_LOC_STRINGS = YES;
				SWIFT_VERSION = 5.0;
				TARGETED_DEVICE_FAMILY = "1,2";
			};
			name = Release;
		};
		7A9FFC162A71D7220025E3C6 /* Debug */ = {
			isa = XCBuildConfiguration;
			buildSettings = {
				ALWAYS_EMBED_SWIFT_STANDARD_LIBRARIES = YES;
				BUNDLE_LOADER = "$(TEST_HOST)";
				CODE_SIGN_STYLE = Automatic;
				CURRENT_PROJECT_VERSION = 1;
				GENERATE_INFOPLIST_FILE = YES;
				IPHONEOS_DEPLOYMENT_TARGET = 16.4;
				MARKETING_VERSION = 1.0;
				PRODUCT_BUNDLE_IDENTIFIER = RK.CounterTests;
				PRODUCT_NAME = "$(TARGET_NAME)";
				SWIFT_EMIT_LOC_STRINGS = NO;
				SWIFT_VERSION = 5.0;
				TARGETED_DEVICE_FAMILY = "1,2";
				TEST_HOST = "$(BUILT_PRODUCTS_DIR)/Counter.app/$(BUNDLE_EXECUTABLE_FOLDER_PATH)/Counter";
			};
			name = Debug;
		};
		7A9FFC172A71D7220025E3C6 /* Release */ = {
			isa = XCBuildConfiguration;
			buildSettings = {
				ALWAYS_EMBED_SWIFT_STANDARD_LIBRARIES = YES;
				BUNDLE_LOADER = "$(TEST_HOST)";
				CODE_SIGN_STYLE = Automatic;
				CURRENT_PROJECT_VERSION = 1;
				GENERATE_INFOPLIST_FILE = YES;
				IPHONEOS_DEPLOYMENT_TARGET = 16.4;
				MARKETING_VERSION = 1.0;
				PRODUCT_BUNDLE_IDENTIFIER = RK.CounterTests;
				PRODUCT_NAME = "$(TARGET_NAME)";
				SWIFT_EMIT_LOC_STRINGS = NO;
				SWIFT_VERSION = 5.0;
				TARGETED_DEVICE_FAMILY = "1,2";
				TEST_HOST = "$(BUILT_PRODUCTS_DIR)/Counter.app/$(BUNDLE_EXECUTABLE_FOLDER_PATH)/Counter";
			};
			name = Release;
		};
		7A9FFC192A71D7220025E3C6 /* Debug */ = {
			isa = XCBuildConfiguration;
			buildSettings = {
				ALWAYS_EMBED_SWIFT_STANDARD_LIBRARIES = YES;
				CODE_SIGN_STYLE = Automatic;
				CURRENT_PROJECT_VERSION = 1;
				GENERATE_INFOPLIST_FILE = YES;
				MARKETING_VERSION = 1.0;
				PRODUCT_BUNDLE_IDENTIFIER = RK.CounterUITests;
				PRODUCT_NAME = "$(TARGET_NAME)";
				SWIFT_EMIT_LOC_STRINGS = NO;
				SWIFT_VERSION = 5.0;
				TARGETED_DEVICE_FAMILY = "1,2";
				TEST_TARGET_NAME = Counter;
			};
			name = Debug;
		};
		7A9FFC1A2A71D7220025E3C6 /* Release */ = {
			isa = XCBuildConfiguration;
			buildSettings = {
				ALWAYS_EMBED_SWIFT_STANDARD_LIBRARIES = YES;
				CODE_SIGN_STYLE = Automatic;
				CURRENT_PROJECT_VERSION = 1;
				GENERATE_INFOPLIST_FILE = YES;
				MARKETING_VERSION = 1.0;
				PRODUCT_BUNDLE_IDENTIFIER = RK.CounterUITests;
				PRODUCT_NAME = "$(TARGET_NAME)";
				SWIFT_EMIT_LOC_STRINGS = NO;
				SWIFT_VERSION = 5.0;
				TARGETED_DEVICE_FAMILY = "1,2";
				TEST_TARGET_NAME = Counter;
			};
			name = Release;
		};
/* End XCBuildConfiguration section */

/* Begin XCConfigurationList section */
		7A9FFBE32A71D7210025E3C6 /* Build configuration list for PBXProject "Counter" */ = {
			isa = XCConfigurationList;
			buildConfigurations = (
				7A9FFC102A71D7220025E3C6 /* Debug */,
				7A9FFC112A71D7220025E3C6 /* Release */,
			);
			defaultConfigurationIsVisible = 0;
			defaultConfigurationName = Release;
		};
		7A9FFC122A71D7220025E3C6 /* Build configuration list for PBXNativeTarget "Counter" */ = {
			isa = XCConfigurationList;
			buildConfigurations = (
				7A9FFC132A71D7220025E3C6 /* Debug */,
				7A9FFC142A71D7220025E3C6 /* Release */,
			);
			defaultConfigurationIsVisible = 0;
			defaultConfigurationName = Release;
		};
		7A9FFC152A71D7220025E3C6 /* Build configuration list for PBXNativeTarget "CounterTests" */ = {
			isa = XCConfigurationList;
			buildConfigurations = (
				7A9FFC162A71D7220025E3C6 /* Debug */,
				7A9FFC172A71D7220025E3C6 /* Release */,
			);
			defaultConfigurationIsVisible = 0;
			defaultConfigurationName = Release;
		};
		7A9FFC182A71D7220025E3C6 /* Build configuration list for PBXNativeTarget "CounterUITests" */ = {
			isa = XCConfigurationList;
			buildConfigurations = (
				7A9FFC192A71D7220025E3C6 /* Debug */,
				7A9FFC1A2A71D7220025E3C6 /* Release */,
			);
			defaultConfigurationIsVisible = 0;
			defaultConfigurationName = Release;
		};
/* End XCConfigurationList section */
	};
	rootObject = 7A9FFBE02A71D7210025E3C6 /* Project object */;
}
